
Microsoft Visual Studio Solution File, Format Version 12.00
# Visual Studio Version 17
VisualStudioVersion = 17.2.32616.157
MinimumVisualStudioVersion = 10.0.40219.1
Project("{FAE04EC0-301F-11D3-BF4B-00C04F79EFBC}") = "WebSocket", "WebSocket\WebSocket.csproj", "{5301AA12-20B6-499E-8F6B-AAFA3E76A6BC}"
EndProject
Global
	GlobalSection(SolutionConfigurationPlatforms) = preSolution
		Debug|Any CPU = Debug|Any CPU
		Release|Any CPU = Release|Any CPU
	EndGlobalSection
	GlobalSection(ProjectConfigurationPlatforms) = postSolution
		{5301AA12-20B6-499E-8F6B-AAFA3E76A6BC}.Debug|Any CPU.ActiveCfg = Debug|Any CPU
		{5301AA12-20B6-499E-8F6B-AAFA3E76A6BC}.Debug|Any CPU.Build.0 = Debug|Any CPU
		{5301AA12-20B6-499E-8F6B-AAFA3E76A6BC}.Release|Any CPU.ActiveCfg = Release|Any CPU
		{5301AA12-20B6-499E-8F6B-AAFA3E76A6BC}.Release|Any CPU.Build.0 = Release|Any CPU
	EndGlobalSection
	GlobalSection(SolutionProperties) = preSolution
		HideSolutionNode = FALSE
	EndGlobalSection
	GlobalSection(ExtensibilityGlobals) = postSolution
		SolutionGuid = {D2E97F92-7969-4849-8833-3B0C8FB148FF}
	EndGlobalSection
EndGlobal
